{
  "nodes": {
    "flake-utils": {
      "inputs": {
        "systems": "systems"
      },
      "locked": {
        "lastModified": 1701680307,
        "narHash": "sha256-kAuep2h5ajznlPMD9rnQyffWG8EM/C73lejGofXvdM8=",
        "owner": "numtide",
        "repo": "flake-utils",
        "rev": "4022d587cbbfd70fe950c1e2083a02621806a725",
        "type": "github"
      },
      "original": {
        "owner": "numtide",
        "repo": "flake-utils",
        "type": "github"
      }
    },
    "home-manager": {
      "inputs": {
        "nixpkgs": [
          "nixpkgs"
        ]
      },
      "locked": {
        "lastModified": 1703838268,
        "narHash": "sha256-SRg5nXcdPnrsQR2MTAp7en0NyJnQ2wB1ivmsgEbvN+o=",
        "owner": "nix-community",
        "repo": "home-manager",
        "rev": "2aff324cf65f5f98f89d878c056b779466b17db8",
        "type": "github"
      },
      "original": {
        "owner": "nix-community",
        "repo": "home-manager",
        "type": "github"
      }
    },
    "nixos-hardware": {
      "locked": {
        "lastModified": 1703879120,
        "narHash": "sha256-oMJ5xtDswlBWxs0DT/aYKEUIhjEpGZJ9GbIxOclYP8I=",
        "owner": "NixOS",
        "repo": "nixos-hardware",
        "rev": "22ae59fec26591ef72ce4ccb5538c42c5f090fe3",
        "type": "github"
      },
      "original": {
        "owner": "NixOS",
        "ref": "master",
        "repo": "nixos-hardware",
        "type": "github"
      }
    },
    "nixos-modules": {
      "inputs": {
        "nixpkgs-lib": [
          "nixpkgs"
        ]
      },
      "locked": {
        "lastModified": 1703899776,
        "narHash": "sha256-I1hE5u3VR/1h2ZM0Q4B1L1BccLFGNfMPPQyy3CRLFqs=",
        "owner": "SuperSandro2000",
        "repo": "nixos-modules",
        "rev": "2e9865e82f060907d4be682a514bdf0af86ad25e",
        "type": "github"
      },
      "original": {
        "owner": "SuperSandro2000",
        "repo": "nixos-modules",
        "type": "github"
      }
    },
    "nixpkgs": {
      "locked": {
        "lastModified": 1703637592,
        "narHash": "sha256-8MXjxU0RfFfzl57Zy3OfXCITS0qWDNLzlBAdwxGZwfY=",
        "owner": "nixos",
        "repo": "nixpkgs",
        "rev": "cfc3698c31b1fb9cdcf10f36c9643460264d0ca8",
        "type": "github"
      },
      "original": {
        "owner": "nixos",
        "ref": "nixos-unstable",
        "repo": "nixpkgs",
        "type": "github"
      }
    },
    "patch-bitwarden-directory-connector": {
      "locked": {
        "lastModified": 1703932440,
        "narHash": "sha256-82Rm0vo+6mVOGp7FYZ4dY9TJVLFGY8JnALHRMwLA4Do=",
        "owner": "Silver-Golden",
        "repo": "nixpkgs",
        "rev": "5188cc51aef34579ce9a7d7a8116d55e4e1b7ba6",
        "type": "github"
      },
      "original": {
        "owner": "Silver-Golden",
        "ref": "bitwarden-directory-connector_pkgs",
        "repo": "nixpkgs",
        "type": "github"
      }
    },
    "root": {
      "inputs": {
        "flake-utils": "flake-utils",
        "home-manager": "home-manager",
        "nixos-hardware": "nixos-hardware",
        "nixos-modules": "nixos-modules",
        "nixpkgs": "nixpkgs",
        "patch-bitwarden-directory-connector": "patch-bitwarden-directory-connector",
        "sops-nix": "sops-nix"
      }
    },
    "sops-nix": {
      "inputs": {
        "nixpkgs": [
          "nixpkgs"
        ],
        "nixpkgs-stable": [
          "nixpkgs"
        ]
      },
      "locked": {
        "lastModified": 1703387502,
        "narHash": "sha256-JnWuQmyanPtF8c5yAEFXVWzaIlMxA3EAZCh8XNvnVqE=",
        "owner": "Mic92",
        "repo": "sops-nix",
        "rev": "e523e89763ff45f0a6cf15bcb1092636b1da9ed3",
        "type": "github"
      },
      "original": {
        "owner": "Mic92",
        "repo": "sops-nix",
        "type": "github"
      }
    },
    "systems": {
      "locked": {
        "lastModified": 1681028828,
        "narHash": "sha256-Vy1rq5AaRuLzOxct8nz4T6wlgyUR7zLU309k9mBC768=",
        "owner": "nix-systems",
        "repo": "default",
        "rev": "da67096a3b9bf56a91d16901293e51ba5b49a27e",
        "type": "github"
      },
      "original": {
        "owner": "nix-systems",
        "repo": "default",
        "type": "github"
      }
    }
  },
  "root": "root",
  "version": 7
}
